// !$*UTF8*$!
{
	archiveVersion = 1;
	classes = {
	};
	objectVersion = 46;
	objects = {

/* Begin PBXBuildFile section */
		278065161ACDCC6D000EE80F /* AppDelegate.swift in Sources */ = {isa = PBXBuildFile; fileRef = 278065151ACDCC6D000EE80F /* AppDelegate.swift */; };
		278065181ACDCC6D000EE80F /* ViewController.swift in Sources */ = {isa = PBXBuildFile; fileRef = 278065171ACDCC6D000EE80F /* ViewController.swift */; };
		2780651B1ACDCC6D000EE80F /* Main.storyboard in Resources */ = {isa = PBXBuildFile; fileRef = 278065191ACDCC6D000EE80F /* Main.storyboard */; };
		2780651D1ACDCC6D000EE80F /* Images.xcassets in Resources */ = {isa = PBXBuildFile; fileRef = 2780651C1ACDCC6D000EE80F /* Images.xcassets */; };
		278065201ACDCC6D000EE80F /* LaunchScreen.xib in Resources */ = {isa = PBXBuildFile; fileRef = 2780651E1ACDCC6D000EE80F /* LaunchScreen.xib */; };
		2780652C1ACDCC6D000EE80F /* test2Tests.swift in Sources */ = {isa = PBXBuildFile; fileRef = 2780652B1ACDCC6D000EE80F /* test2Tests.swift */; };
		278065361ACDD1FC000EE80F /* Search.swift in Sources */ = {isa = PBXBuildFile; fileRef = 278065351ACDD1FC000EE80F /* Search.swift */; };
		278065391ACDE493000EE80F /* data.txt in Resources */ = {isa = PBXBuildFile; fileRef = 278065371ACDE493000EE80F /* data.txt */; };
		2780653A1ACDE493000EE80F /* synonyms.txt in Resources */ = {isa = PBXBuildFile; fileRef = 278065381ACDE493000EE80F /* synonyms.txt */; };
		27C160991AF8A06700AE1018 /* Search.swift in Sources */ = {isa = PBXBuildFile; fileRef = 278065351ACDD1FC000EE80F /* Search.swift */; };
/* End PBXBuildFile section */

/* Begin PBXContainerItemProxy section */
		278065261ACDCC6D000EE80F /* PBXContainerItemProxy */ = {
			isa = PBXContainerItemProxy;
			containerPortal = 278065081ACDCC6D000EE80F /* Project object */;
			proxyType = 1;
			remoteGlobalIDString = 2780650F1ACDCC6D000EE80F;
			remoteInfo = test2;
		};
/* End PBXContainerItemProxy section */

/* Begin PBXFileReference section */
		278065101ACDCC6D000EE80F /* test2.app */ = {isa = PBXFileReference; explicitFileType = wrapper.application; includeInIndex = 0; path = test2.app; sourceTree = BUILT_PRODUCTS_DIR; };
		278065141ACDCC6D000EE80F /* Info.plist */ = {isa = PBXFileReference; lastKnownFileType = text.plist.xml; path = Info.plist; sourceTree = "<group>"; };
		278065151ACDCC6D000EE80F /* AppDelegate.swift */ = {isa = PBXFileReference; lastKnownFileType = sourcecode.swift; path = AppDelegate.swift; sourceTree = "<group>"; };
		278065171ACDCC6D000EE80F /* ViewController.swift */ = {isa = PBXFileReference; lastKnownFileType = sourcecode.swift; path = ViewController.swift; sourceTree = "<group>"; };
		2780651A1ACDCC6D000EE80F /* Base */ = {isa = PBXFileReference; lastKnownFileType = file.storyboard; name = Base; path = Base.lproj/Main.storyboard; sourceTree = "<group>"; };
		2780651C1ACDCC6D000EE80F /* Images.xcassets */ = {isa = PBXFileReference; lastKnownFileType = folder.assetcatalog; path = Images.xcassets; sourceTree = "<group>"; };
		2780651F1ACDCC6D000EE80F /* Base */ = {isa = PBXFileReference; lastKnownFileType = file.xib; name = Base; path = Base.lproj/LaunchScreen.xib; sourceTree = "<group>"; };
		278065251ACDCC6D000EE80F /* test2Tests.xctest */ = {isa = PBXFileReference; explicitFileType = wrapper.cfbundle; includeInIndex = 0; path = test2Tests.xctest; sourceTree = BUILT_PRODUCTS_DIR; };
		2780652A1ACDCC6D000EE80F /* Info.plist */ = {isa = PBXFileReference; lastKnownFileType = text.plist.xml; path = Info.plist; sourceTree = "<group>"; };
		2780652B1ACDCC6D000EE80F /* test2Tests.swift */ = {isa = PBXFileReference; lastKnownFileType = sourcecode.swift; path = test2Tests.swift; sourceTree = "<group>"; };
		278065351ACDD1FC000EE80F /* Search.swift */ = {isa = PBXFileReference; fileEncoding = 4; lastKnownFileType = sourcecode.swift; path = Search.swift; sourceTree = "<group>"; };
		278065371ACDE493000EE80F /* data.txt */ = {isa = PBXFileReference; fileEncoding = 4; lastKnownFileType = text; path = data.txt; sourceTree = "<group>"; };
		278065381ACDE493000EE80F /* synonyms.txt */ = {isa = PBXFileReference; fileEncoding = 4; lastKnownFileType = text; path = synonyms.txt; sourceTree = "<group>"; };
/* End PBXFileReference section */

/* Begin PBXFrameworksBuildPhase section */
		2780650D1ACDCC6D000EE80F /* Frameworks */ = {
			isa = PBXFrameworksBuildPhase;
			buildActionMask = 2147483647;
			files = (
			);
			runOnlyForDeploymentPostprocessing = 0;
		};
		278065221ACDCC6D000EE80F /* Frameworks */ = {
			isa = PBXFrameworksBuildPhase;
			buildActionMask = 2147483647;
			files = (
			);
			runOnlyForDeploymentPostprocessing = 0;
		};
/* End PBXFrameworksBuildPhase section */

/* Begin PBXGroup section */
		278065071ACDCC6D000EE80F = {
			isa = PBXGroup;
			children = (
				278065121ACDCC6D000EE80F /* test2 */,
				278065281ACDCC6D000EE80F /* test2Tests */,
				278065111ACDCC6D000EE80F /* Products */,
			);
			sourceTree = "<group>";
		};
		278065111ACDCC6D000EE80F /* Products */ = {
			isa = PBXGroup;
			children = (
				278065101ACDCC6D000EE80F /* test2.app */,
				278065251ACDCC6D000EE80F /* test2Tests.xctest */,
			);
			name = Products;
			sourceTree = "<group>";
		};
		278065121ACDCC6D000EE80F /* test2 */ = {
			isa = PBXGroup;
			children = (
				278065371ACDE493000EE80F /* data.txt */,
				278065381ACDE493000EE80F /* synonyms.txt */,
				278065151ACDCC6D000EE80F /* AppDelegate.swift */,
				278065351ACDD1FC000EE80F /* Search.swift */,
				278065171ACDCC6D000EE80F /* ViewController.swift */,
				278065191ACDCC6D000EE80F /* Main.storyboard */,
				2780651C1ACDCC6D000EE80F /* Images.xcassets */,
				2780651E1ACDCC6D000EE80F /* LaunchScreen.xib */,
				278065131ACDCC6D000EE80F /* Supporting Files */,
			);
			path = test2;
			sourceTree = "<group>";
		};
		278065131ACDCC6D000EE80F /* Supporting Files */ = {
			isa = PBXGroup;
			children = (
				278065141ACDCC6D000EE80F /* Info.plist */,
			);
			name = "Supporting Files";
			sourceTree = "<group>";
		};
		278065281ACDCC6D000EE80F /* test2Tests */ = {
			isa = PBXGroup;
			children = (
				2780652B1ACDCC6D000EE80F /* test2Tests.swift */,
				278065291ACDCC6D000EE80F /* Supporting Files */,
			);
			path = test2Tests;
			sourceTree = "<group>";
		};
		278065291ACDCC6D000EE80F /* Supporting Files */ = {
			isa = PBXGroup;
			children = (
				2780652A1ACDCC6D000EE80F /* Info.plist */,
			);
			name = "Supporting Files";
			sourceTree = "<group>";
		};
/* End PBXGroup section */

/* Begin PBXNativeTarget section */
		2780650F1ACDCC6D000EE80F /* test2 */ = {
			isa = PBXNativeTarget;
			buildConfigurationList = 2780652F1ACDCC6D000EE80F /* Build configuration list for PBXNativeTarget "test2" */;
			buildPhases = (
				2780650C1ACDCC6D000EE80F /* Sources */,
				2780650D1ACDCC6D000EE80F /* Frameworks */,
				2780650E1ACDCC6D000EE80F /* Resources */,
			);
			buildRules = (
			);
			dependencies = (
			);
			name = test2;
			productName = test2;
			productReference = 278065101ACDCC6D000EE80F /* test2.app */;
			productType = "com.apple.product-type.application";
		};
		278065241ACDCC6D000EE80F /* test2Tests */ = {
			isa = PBXNativeTarget;
			buildConfigurationList = 278065321ACDCC6D000EE80F /* Build configuration list for PBXNativeTarget "test2Tests" */;
			buildPhases = (
				278065211ACDCC6D000EE80F /* Sources */,
				278065221ACDCC6D000EE80F /* Frameworks */,
				278065231ACDCC6D000EE80F /* Resources */,
			);
			buildRules = (
			);
			dependencies = (
				278065271ACDCC6D000EE80F /* PBXTargetDependency */,
			);
			name = test2Tests;
			productName = test2Tests;
			productReference = 278065251ACDCC6D000EE80F /* test2Tests.xctest */;
			productType = "com.apple.product-type.bundle.unit-test";
		};
/* End PBXNativeTarget section */

/* Begin PBXProject section */
		278065081ACDCC6D000EE80F /* Project object */ = {
			isa = PBXProject;
			attributes = {
				LastUpgradeCheck = 0620;
				ORGANIZATIONNAME = "Kyle Maxwell";
				TargetAttributes = {
					2780650F1ACDCC6D000EE80F = {
						CreatedOnToolsVersion = 6.2;
					};
					278065241ACDCC6D000EE80F = {
						CreatedOnToolsVersion = 6.2;
						TestTargetID = 2780650F1ACDCC6D000EE80F;
					};
				};
			};
			buildConfigurationList = 2780650B1ACDCC6D000EE80F /* Build configuration list for PBXProject "test2" */;
			compatibilityVersion = "Xcode 3.2";
			developmentRegion = English;
			hasScannedForEncodings = 0;
			knownRegions = (
				en,
				Base,
			);
			mainGroup = 278065071ACDCC6D000EE80F;
			productRefGroup = 278065111ACDCC6D000EE80F /* Products */;
			projectDirPath = "";
			projectRoot = "";
			targets = (
				2780650F1ACDCC6D000EE80F /* test2 */,
				278065241ACDCC6D000EE80F /* test2Tests */,
			);
		};
/* End PBXProject section */

/* Begin PBXResourcesBuildPhase section */
		2780650E1ACDCC6D000EE80F /* Resources */ = {
			isa = PBXResourcesBuildPhase;
			buildActionMask = 2147483647;
			files = (
				278065391ACDE493000EE80F /* data.txt in Resources */,
				2780653A1ACDE493000EE80F /* synonyms.txt in Resources */,
				2780651B1ACDCC6D000EE80F /* Main.storyboard in Resources */,
				278065201ACDCC6D000EE80F /* LaunchScreen.xib in Resources */,
				2780651D1ACDCC6D000EE80F /* Images.xcassets in Resources */,
			);
			runOnlyForDeploymentPostprocessing = 0;
		};
		278065231ACDCC6D000EE80F /* Resources */ = {
			isa = PBXResourcesBuildPhase;
			buildActionMask = 2147483647;
			files = (
			);
			runOnlyForDeploymentPostprocessing = 0;
		};
/* End PBXResourcesBuildPhase section */

/* Begin PBXSourcesBuildPhase section */
		2780650C1ACDCC6D000EE80F /* Sources */ = {
			isa = PBXSourcesBuildPhase;
			buildActionMask = 2147483647;
			files = (
				278065361ACDD1FC000EE80F /* Search.swift in Sources */,
				278065181ACDCC6D000EE80F /* ViewController.swift in Sources */,
				278065161ACDCC6D000EE80F /* AppDelegate.swift in Sources */,
			);
			runOnlyForDeploymentPostprocessing = 0;
		};
		278065211ACDCC6D000EE80F /* Sources */ = {
			isa = PBXSourcesBuildPhase;
			buildActionMask = 2147483647;
			files = (
				2780652C1ACDCC6D000EE80F /* test2Tests.swift in Sources */,
				27C160991AF8A06700AE1018 /* Search.swift in Sources */,
			);
			runOnlyForDeploymentPostprocessing = 0;
		};
/* End PBXSourcesBuildPhase section */

/* Begin PBXTargetDependency section */
		278065271ACDCC6D000EE80F /* PBXTargetDependency */ = {
			isa = PBXTargetDependency;
			target = 2780650F1ACDCC6D000EE80F /* test2 */;
			targetProxy = 278065261ACDCC6D000EE80F /* PBXContainerItemProxy */;
		};
/* End PBXTargetDependency section */

/* Begin PBXVariantGroup section */
		278065191ACDCC6D000EE80F /* Main.storyboard */ = {
			isa = PBXVariantGroup;
			children = (
				2780651A1ACDCC6D000EE80F /* Base */,
			);
			name = Main.storyboard;
			sourceTree = "<group>";
		};
		2780651E1ACDCC6D000EE80F /* LaunchScreen.xib */ = {
			isa = PBXVariantGroup;
			children = (
				2780651F1ACDCC6D000EE80F /* Base */,
			);
			name = LaunchScreen.xib;
			sourceTree = "<group>";
		};
/* End PBXVariantGroup section */

/* Begin XCBuildConfiguration section */
		2780652D1ACDCC6D000EE80F /* Debug */ = {
			isa = XCBuildConfiguration;
			buildSettings = {
				ALWAYS_SEARCH_USER_PATHS = NO;
				CLANG_CXX_LANGUAGE_STANDARD = "gnu++0x";
				CLANG_CXX_LIBRARY = "libc++";
				CLANG_ENABLE_MODULES = YES;
				CLANG_ENABLE_OBJC_ARC = YES;
				CLANG_WARN_BOOL_CONVERSION = YES;
				CLANG_WARN_CONSTANT_CONVERSION = YES;
				CLANG_WARN_DIRECT_OBJC_ISA_USAGE = YES_ERROR;
				CLANG_WARN_EMPTY_BODY = YES;
				CLANG_WARN_ENUM_CONVERSION = YES;
				CLANG_WARN_INT_CONVERSION = YES;
				CLANG_WARN_OBJC_ROOT_CLASS = YES_ERROR;
				CLANG_WARN_UNREACHABLE_CODE = YES;
				CLANG_WARN__DUPLICATE_METHOD_MATCH = YES;
				"CODE_SIGN_IDENTITY[sdk=iphoneos*]" = "iPhone Developer";
				COPY_PHASE_STRIP = NO;
				ENABLE_STRICT_OBJC_MSGSEND = YES;
				GCC_C_LANGUAGE_STANDARD = gnu99;
				GCC_DYNAMIC_NO_PIC = NO;
				GCC_OPTIMIZATION_LEVEL = 0;
				GCC_PREPROCESSOR_DEFINITIONS = (
					"DEBUG=1",
					"$(inherited)",
				);
				GCC_SYMBOLS_PRIVATE_EXTERN = NO;
				GCC_WARN_64_TO_32_BIT_CONVERSION = YES;
				GCC_WARN_ABOUT_RETURN_TYPE = YES_ERROR;
				GCC_WARN_UNDECLARED_SELECTOR = YES;
				GCC_WARN_UNINITIALIZED_AUTOS = YES_AGGRESSIVE;
				GCC_WARN_UNUSED_FUNCTION = YES;
				GCC_WARN_UNUSED_VARIABLE = YES;
				IPHONEOS_DEPLOYMENT_TARGET = 8.2;
				MTL_ENABLE_DEBUG_INFO = YES;
				ONLY_ACTIVE_ARCH = YES;
				SDKROOT = iphoneos;
				SWIFT_OPTIMIZATION_LEVEL = "-Onone";
				TARGETED_DEVICE_FAMILY = "1,2";
			};
			name = Debug;
		};
		2780652E1ACDCC6D000EE80F /* Release */ = {
			isa = XCBuildConfiguration;
			buildSettings = {
				ALWAYS_SEARCH_USER_PATHS = NO;
				CLANG_CXX_LANGUAGE_STANDARD = "gnu++0x";
				CLANG_CXX_LIBRARY = "libc++";
				CLANG_ENABLE_MODULES = YES;
				CLANG_ENABLE_OBJC_ARC = YES;
				CLANG_WARN_BOOL_CONVERSION = YES;
				CLANG_WARN_CONSTANT_CONVERSION = YES;
				CLANG_WARN_DIRECT_OBJC_ISA_USAGE = YES_ERROR;
				CLANG_WARN_EMPTY_BODY = YES;
				CLANG_WARN_ENUM_CONVERSION = YES;
				CLANG_WARN_INT_CONVERSION = YES;
				CLANG_WARN_OBJC_ROOT_CLASS = YES_ERROR;
				CLANG_WARN_UNREACHABLE_CODE = YES;
				CLANG_WARN__DUPLICATE_METHOD_MATCH = YES;
				"CODE_SIGN_IDENTITY[sdk=iphoneos*]" = "iPhone Developer";
				COPY_PHASE_STRIP = NO;
				ENABLE_NS_ASSERTIONS = NO;
				ENABLE_STRICT_OBJC_MSGSEND = YES;
				GCC_C_LANGUAGE_STANDARD = gnu99;
				GCC_WARN_64_TO_32_BIT_CONVERSION = YES;
				GCC_WARN_ABOUT_RETURN_TYPE = YES_ERROR;
				GCC_WARN_UNDECLARED_SELECTOR = YES;
				GCC_WARN_UNINITIALIZED_AUTOS = YES_AGGRESSIVE;
				GCC_WARN_UNUSED_FUNCTION = YES;
				GCC_WARN_UNUSED_VARIABLE = YES;
				IPHONEOS_DEPLOYMENT_TARGET = 8.2;
				MTL_ENABLE_DEBUG_INFO = NO;
				SDKROOT = iphoneos;
				TARGETED_DEVICE_FAMILY = "1,2";
				VALIDATE_PRODUCT = YES;
			};
			name = Release;
		};
		278065301ACDCC6D000EE80F /* Debug */ = {
			isa = XCBuildConfiguration;
			buildSettings = {
				ASSETCATALOG_COMPILER_APPICON_NAME = AppIcon;
				INFOPLIST_FILE = test2/Info.plist;
				LD_RUNPATH_SEARCH_PATHS = "$(inherited) @executable_path/Frameworks";
				PRODUCT_NAME = "$(TARGET_NAME)";
			};
			name = Debug;
		};
		278065311ACDCC6D000EE80F /* Release */ = {
			isa = XCBuildConfiguration;
			buildSettings = {
				ASSETCATALOG_COMPILER_APPICON_NAME = AppIcon;
				INFOPLIST_FILE = test2/Info.plist;
				LD_RUNPATH_SEARCH_PATHS = "$(inherited) @executable_path/Frameworks";
				PRODUCT_NAME = "$(TARGET_NAME)";
			};
			name = Release;
		};
		278065331ACDCC6D000EE80F /* Debug */ = {
			isa = XCBuildConfiguration;
			buildSettings = {
				BUNDLE_LOADER = "$(TEST_HOST)";
				FRAMEWORK_SEARCH_PATHS = (
					"$(SDKROOT)/Developer/Library/Frameworks",
					"$(inherited)",
				);
				GCC_PREPROCESSOR_DEFINITIONS = (
					"DEBUG=1",
					"$(inherited)",
				);
				INFOPLIST_FILE = test2Tests/Info.plist;
				LD_RUNPATH_SEARCH_PATHS = "$(inherited) @executable_path/Frameworks @loader_path/Frameworks";
				PRODUCT_NAME = "$(TARGET_NAME)";
				TEST_HOST = "$(BUILT_PRODUCTS_DIR)/test2.app/test2";
			};
			name = Debug;
		};
		278065341ACDCC6D000EE80F /* Release */ = {
			isa = XCBuildConfiguration;
			buildSettings = {
				BUNDLE_LOADER = "$(TEST_HOST)";
				FRAMEWORK_SEARCH_PATHS = (
					"$(SDKROOT)/Developer/Library/Frameworks",
					"$(inherited)",
				);
				INFOPLIST_FILE = test2Tests/Info.plist;
				LD_RUNPATH_SEARCH_PATHS = "$(inherited) @executable_path/Frameworks @loader_path/Frameworks";
				PRODUCT_NAME = "$(TARGET_NAME)";
				TEST_HOST = "$(BUILT_PRODUCTS_DIR)/test2.app/test2";
			};
			name = Release;
		};
/* End XCBuildConfiguration section */

/* Begin XCConfigurationList section */
		2780650B1ACDCC6D000EE80F /* Build configuration list for PBXProject "test2" */ = {
			isa = XCConfigurationList;
			buildConfigurations = (
				2780652D1ACDCC6D000EE80F /* Debug */,
				2780652E1ACDCC6D000EE80F /* Release */,
			);
			defaultConfigurationIsVisible = 0;
			defaultConfigurationName = Release;
		};
		2780652F1ACDCC6D000EE80F /* Build configuration list for PBXNativeTarget "test2" */ = {
			isa = XCConfigurationList;
			buildConfigurations = (
				278065301ACDCC6D000EE80F /* Debug */,
				278065311ACDCC6D000EE80F /* Release */,
			);
			defaultConfigurationIsVisible = 0;
			defaultConfigurationName = Release;
		};
		278065321ACDCC6D000EE80F /* Build configuration list for PBXNativeTarget "test2Tests" */ = {
			isa = XCConfigurationList;
			buildConfigurations = (
				278065331ACDCC6D000EE80F /* Debug */,
				278065341ACDCC6D000EE80F /* Release */,
			);
			defaultConfigurationIsVisible = 0;
			defaultConfigurationName = Release;
		};
/* End XCConfigurationList section */
	};
	rootObject = 278065081ACDCC6D000EE80F /* Project object */;
}
